// !$*UTF8*$!
{
	archiveVersion = 1;
	classes = {
	};
	objectVersion = 77;
	objects = {

/* Begin PBXContainerItemProxy section */
		BC2AACCF2D4615D300019BE7 /* PBXContainerItemProxy */ = {
			isa = PBXContainerItemProxy;
			containerPortal = BC2AACB62D4615CF00019BE7 /* Project object */;
			proxyType = 1;
			remoteGlobalIDString = BC2AACBD2D4615CF00019BE7;
			remoteInfo = SwiftTestingSample;
		};
		BC2AACD92D4615D300019BE7 /* PBXContainerItemProxy */ = {
			isa = PBXContainerItemProxy;
			containerPortal = BC2AACB62D4615CF00019BE7 /* Project object */;
			proxyType = 1;
			remoteGlobalIDString = BC2AACBD2D4615CF00019BE7;
			remoteInfo = SwiftTestingSample;
		};
/* End PBXContainerItemProxy section */

/* Begin PBXFileReference section */
		BC2AACBE2D4615CF00019BE7 /* SwiftTestingSample.app */ = {isa = PBXFileReference; explicitFileType = wrapper.application; includeInIndex = 0; path = SwiftTestingSample.app; sourceTree = BUILT_PRODUCTS_DIR; };
		BC2AACCE2D4615D300019BE7 /* SwiftTestingSampleTests.xctest */ = {isa = PBXFileReference; explicitFileType = wrapper.cfbundle; includeInIndex = 0; path = SwiftTestingSampleTests.xctest; sourceTree = BUILT_PRODUCTS_DIR; };
		BC2AACD82D4615D300019BE7 /* SwiftTestingSampleUITests.xctest */ = {isa = PBXFileReference; explicitFileType = wrapper.cfbundle; includeInIndex = 0; path = SwiftTestingSampleUITests.xctest; sourceTree = BUILT_PRODUCTS_DIR; };
/* End PBXFileReference section */

/* Begin PBXFileSystemSynchronizedRootGroup section */
		BC2AACC02D4615CF00019BE7 /* SwiftTestingSample */ = {
			isa = PBXFileSystemSynchronizedRootGroup;
			path = SwiftTestingSample;
			sourceTree = "<group>";
		};
		BC2AACD12D4615D300019BE7 /* SwiftTestingSampleTests */ = {
			isa = PBXFileSystemSynchronizedRootGroup;
			path = SwiftTestingSampleTests;
			sourceTree = "<group>";
		};
		BC2AACDB2D4615D300019BE7 /* SwiftTestingSampleUITests */ = {
			isa = PBXFileSystemSynchronizedRootGroup;
			path = SwiftTestingSampleUITests;
			sourceTree = "<group>";
		};
/* End PBXFileSystemSynchronizedRootGroup section */

/* Begin PBXFrameworksBuildPhase section */
		BC2AACBB2D4615CF00019BE7 /* Frameworks */ = {
			isa = PBXFrameworksBuildPhase;
			buildActionMask = 2147483647;
			files = (
			);
			runOnlyForDeploymentPostprocessing = 0;
		};
		BC2AACCB2D4615D300019BE7 /* Frameworks */ = {
			isa = PBXFrameworksBuildPhase;
			buildActionMask = 2147483647;
			files = (
			);
			runOnlyForDeploymentPostprocessing = 0;
		};
		BC2AACD52D4615D300019BE7 /* Frameworks */ = {
			isa = PBXFrameworksBuildPhase;
			buildActionMask = 2147483647;
			files = (
			);
			runOnlyForDeploymentPostprocessing = 0;
		};
/* End PBXFrameworksBuildPhase section */

/* Begin PBXGroup section */
		BC2AACB52D4615CF00019BE7 = {
			isa = PBXGroup;
			children = (
				BC2AACC02D4615CF00019BE7 /* SwiftTestingSample */,
				BC2AACD12D4615D300019BE7 /* SwiftTestingSampleTests */,
				BC2AACDB2D4615D300019BE7 /* SwiftTestingSampleUITests */,
				BC2AACBF2D4615CF00019BE7 /* Products */,
			);
			sourceTree = "<group>";
		};
		BC2AACBF2D4615CF00019BE7 /* Products */ = {
			isa = PBXGroup;
			children = (
				BC2AACBE2D4615CF00019BE7 /* SwiftTestingSample.app */,
				BC2AACCE2D4615D300019BE7 /* SwiftTestingSampleTests.xctest */,
				BC2AACD82D4615D300019BE7 /* SwiftTestingSampleUITests.xctest */,
			);
			name = Products;
			sourceTree = "<group>";
		};
/* End PBXGroup section */

/* Begin PBXNativeTarget section */
		BC2AACBD2D4615CF00019BE7 /* SwiftTestingSample */ = {
			isa = PBXNativeTarget;
			buildConfigurationList = BC2AACE22D4615D300019BE7 /* Build configuration list for PBXNativeTarget "SwiftTestingSample" */;
			buildPhases = (
				BC2AACBA2D4615CF00019BE7 /* Sources */,
				BC2AACBB2D4615CF00019BE7 /* Frameworks */,
				BC2AACBC2D4615CF00019BE7 /* Resources */,
			);
			buildRules = (
			);
			dependencies = (
			);
			fileSystemSynchronizedGroups = (
				BC2AACC02D4615CF00019BE7 /* SwiftTestingSample */,
			);
			name = SwiftTestingSample;
			packageProductDependencies = (
			);
			productName = SwiftTestingSample;
			productReference = BC2AACBE2D4615CF00019BE7 /* SwiftTestingSample.app */;
			productType = "com.apple.product-type.application";
		};
		BC2AACCD2D4615D300019BE7 /* SwiftTestingSampleTests */ = {
			isa = PBXNativeTarget;
			buildConfigurationList = BC2AACE52D4615D300019BE7 /* Build configuration list for PBXNativeTarget "SwiftTestingSampleTests" */;
			buildPhases = (
				BC2AACCA2D4615D300019BE7 /* Sources */,
				BC2AACCB2D4615D300019BE7 /* Frameworks */,
				BC2AACCC2D4615D300019BE7 /* Resources */,
			);
			buildRules = (
			);
			dependencies = (
				BC2AACD02D4615D300019BE7 /* PBXTargetDependency */,
			);
			fileSystemSynchronizedGroups = (
				BC2AACD12D4615D300019BE7 /* SwiftTestingSampleTests */,
			);
			name = SwiftTestingSampleTests;
			packageProductDependencies = (
			);
			productName = SwiftTestingSampleTests;
			productReference = BC2AACCE2D4615D300019BE7 /* SwiftTestingSampleTests.xctest */;
			productType = "com.apple.product-type.bundle.unit-test";
		};
		BC2AACD72D4615D300019BE7 /* SwiftTestingSampleUITests */ = {
			isa = PBXNativeTarget;
			buildConfigurationList = BC2AACE82D4615D300019BE7 /* Build configuration list for PBXNativeTarget "SwiftTestingSampleUITests" */;
			buildPhases = (
				BC2AACD42D4615D300019BE7 /* Sources */,
				BC2AACD52D4615D300019BE7 /* Frameworks */,
				BC2AACD62D4615D300019BE7 /* Resources */,
			);
			buildRules = (
			);
			dependencies = (
				BC2AACDA2D4615D300019BE7 /* PBXTargetDependency */,
			);
			fileSystemSynchronizedGroups = (
				BC2AACDB2D4615D300019BE7 /* SwiftTestingSampleUITests */,
			);
			name = SwiftTestingSampleUITests;
			packageProductDependencies = (
			);
			productName = SwiftTestingSampleUITests;
			productReference = BC2AACD82D4615D300019BE7 /* SwiftTestingSampleUITests.xctest */;
			productType = "com.apple.product-type.bundle.ui-testing";
		};
/* End PBXNativeTarget section */

/* Begin PBXProject section */
		BC2AACB62D4615CF00019BE7 /* Project object */ = {
			isa = PBXProject;
			attributes = {
				BuildIndependentTargetsInParallel = 1;
				LastSwiftUpdateCheck = 1620;
				LastUpgradeCheck = 1620;
				TargetAttributes = {
					BC2AACBD2D4615CF00019BE7 = {
						CreatedOnToolsVersion = 16.2;
					};
					BC2AACCD2D4615D300019BE7 = {
						CreatedOnToolsVersion = 16.2;
						TestTargetID = BC2AACBD2D4615CF00019BE7;
					};
					BC2AACD72D4615D300019BE7 = {
						CreatedOnToolsVersion = 16.2;
						TestTargetID = BC2AACBD2D4615CF00019BE7;
					};
				};
			};
			buildConfigurationList = BC2AACB92D4615CF00019BE7 /* Build configuration list for PBXProject "SwiftTestingSample" */;
			developmentRegion = en;
			hasScannedForEncodings = 0;
			knownRegions = (
				en,
				Base,
			);
			mainGroup = BC2AACB52D4615CF00019BE7;
			minimizedProjectReferenceProxies = 1;
			preferredProjectObjectVersion = 77;
			productRefGroup = BC2AACBF2D4615CF00019BE7 /* Products */;
			projectDirPath = "";
			projectRoot = "";
			targets = (
				BC2AACBD2D4615CF00019BE7 /* SwiftTestingSample */,
				BC2AACCD2D4615D300019BE7 /* SwiftTestingSampleTests */,
				BC2AACD72D4615D300019BE7 /* SwiftTestingSampleUITests */,
			);
		};
/* End PBXProject section */

/* Begin PBXResourcesBuildPhase section */
		BC2AACBC2D4615CF00019BE7 /* Resources */ = {
			isa = PBXResourcesBuildPhase;
			buildActionMask = 2147483647;
			files = (
			);
			runOnlyForDeploymentPostprocessing = 0;
		};
		BC2AACCC2D4615D300019BE7 /* Resources */ = {
			isa = PBXResourcesBuildPhase;
			buildActionMask = 2147483647;
			files = (
			);
			runOnlyForDeploymentPostprocessing = 0;
		};
		BC2AACD62D4615D300019BE7 /* Resources */ = {
			isa = PBXResourcesBuildPhase;
			buildActionMask = 2147483647;
			files = (
			);
			runOnlyForDeploymentPostprocessing = 0;
		};
/* End PBXResourcesBuildPhase section */

/* Begin PBXSourcesBuildPhase section */
		BC2AACBA2D4615CF00019BE7 /* Sources */ = {
			isa = PBXSourcesBuildPhase;
			buildActionMask = 2147483647;
			files = (
			);
			runOnlyForDeploymentPostprocessing = 0;
		};
		BC2AACCA2D4615D300019BE7 /* Sources */ = {
			isa = PBXSourcesBuildPhase;
			buildActionMask = 2147483647;
			files = (
			);
			runOnlyForDeploymentPostprocessing = 0;
		};
		BC2AACD42D4615D300019BE7 /* Sources */ = {
			isa = PBXSourcesBuildPhase;
			buildActionMask = 2147483647;
			files = (
			);
			runOnlyForDeploymentPostprocessing = 0;
		};
/* End PBXSourcesBuildPhase section */

/* Begin PBXTargetDependency section */
		BC2AACD02D4615D300019BE7 /* PBXTargetDependency */ = {
			isa = PBXTargetDependency;
			target = BC2AACBD2D4615CF00019BE7 /* SwiftTestingSample */;
			targetProxy = BC2AACCF2D4615D300019BE7 /* PBXContainerItemProxy */;
		};
		BC2AACDA2D4615D300019BE7 /* PBXTargetDependency */ = {
			isa = PBXTargetDependency;
			target = BC2AACBD2D4615CF00019BE7 /* SwiftTestingSample */;
			targetProxy = BC2AACD92D4615D300019BE7 /* PBXContainerItemProxy */;
		};
/* End PBXTargetDependency section */

/* Begin XCBuildConfiguration section */
		BC2AACE02D4615D300019BE7 /* Debug */ = {
			isa = XCBuildConfiguration;
			buildSettings = {
				ALWAYS_SEARCH_USER_PATHS = NO;
				ASSETCATALOG_COMPILER_GENERATE_SWIFT_ASSET_SYMBOL_EXTENSIONS = YES;
				CLANG_ANALYZER_NONNULL = YES;
				CLANG_ANALYZER_NUMBER_OBJECT_CONVERSION = YES_AGGRESSIVE;
				CLANG_CXX_LANGUAGE_STANDARD = "gnu++20";
				CLANG_ENABLE_MODULES = YES;
				CLANG_ENABLE_OBJC_ARC = YES;
				CLANG_ENABLE_OBJC_WEAK = YES;
				CLANG_WARN_BLOCK_CAPTURE_AUTORELEASING = YES;
				CLANG_WARN_BOOL_CONVERSION = YES;
				CLANG_WARN_COMMA = YES;
				CLANG_WARN_CONSTANT_CONVERSION = YES;
				CLANG_WARN_DEPRECATED_OBJC_IMPLEMENTATIONS = YES;
				CLANG_WARN_DIRECT_OBJC_ISA_USAGE = YES_ERROR;
				CLANG_WARN_DOCUMENTATION_COMMENTS = YES;
				CLANG_WARN_EMPTY_BODY = YES;
				CLANG_WARN_ENUM_CONVERSION = YES;
				CLANG_WARN_INFINITE_RECURSION = YES;
				CLANG_WARN_INT_CONVERSION = YES;
				CLANG_WARN_NON_LITERAL_NULL_CONVERSION = YES;
				CLANG_WARN_OBJC_IMPLICIT_RETAIN_SELF = YES;
				CLANG_WARN_OBJC_LITERAL_CONVERSION = YES;
				CLANG_WARN_OBJC_ROOT_CLASS = YES_ERROR;
				CLANG_WARN_QUOTED_INCLUDE_IN_FRAMEWORK_HEADER = YES;
				CLANG_WARN_RANGE_LOOP_ANALYSIS = YES;
				CLANG_WARN_STRICT_PROTOTYPES = YES;
				CLANG_WARN_SUSPICIOUS_MOVE = YES;
				CLANG_WARN_UNGUARDED_AVAILABILITY = YES_AGGRESSIVE;
				CLANG_WARN_UNREACHABLE_CODE = YES;
				CLANG_WARN__DUPLICATE_METHOD_MATCH = YES;
				COPY_PHASE_STRIP = NO;
				DEBUG_INFORMATION_FORMAT = dwarf;
				ENABLE_STRICT_OBJC_MSGSEND = YES;
				ENABLE_TESTABILITY = YES;
				ENABLE_USER_SCRIPT_SANDBOXING = YES;
				GCC_C_LANGUAGE_STANDARD = gnu17;
				GCC_DYNAMIC_NO_PIC = NO;
				GCC_NO_COMMON_BLOCKS = YES;
				GCC_OPTIMIZATION_LEVEL = 0;
				GCC_PREPROCESSOR_DEFINITIONS = (
					"DEBUG=1",
					"$(inherited)",
				);
				GCC_WARN_64_TO_32_BIT_CONVERSION = YES;
				GCC_WARN_ABOUT_RETURN_TYPE = YES_ERROR;
				GCC_WARN_UNDECLARED_SELECTOR = YES;
				GCC_WARN_UNINITIALIZED_AUTOS = YES_AGGRESSIVE;
				GCC_WARN_UNUSED_FUNCTION = YES;
				GCC_WARN_UNUSED_VARIABLE = YES;
				IPHONEOS_DEPLOYMENT_TARGET = 18.2;
				LOCALIZATION_PREFERS_STRING_CATALOGS = YES;
				MTL_ENABLE_DEBUG_INFO = INCLUDE_SOURCE;
				MTL_FAST_MATH = YES;
				ONLY_ACTIVE_ARCH = YES;
				SDKROOT = iphoneos;
				SWIFT_ACTIVE_COMPILATION_CONDITIONS = "DEBUG $(inherited)";
				SWIFT_OPTIMIZATION_LEVEL = "-Onone";
			};
			name = Debug;
		};
		BC2AACE12D4615D300019BE7 /* Release */ = {
			isa = XCBuildConfiguration;
			buildSettings = {
				ALWAYS_SEARCH_USER_PATHS = NO;
				ASSETCATALOG_COMPILER_GENERATE_SWIFT_ASSET_SYMBOL_EXTENSIONS = YES;
				CLANG_ANALYZER_NONNULL = YES;
				CLANG_ANALYZER_NUMBER_OBJECT_CONVERSION = YES_AGGRESSIVE;
				CLANG_CXX_LANGUAGE_STANDARD = "gnu++20";
				CLANG_ENABLE_MODULES = YES;
				CLANG_ENABLE_OBJC_ARC = YES;
				CLANG_ENABLE_OBJC_WEAK = YES;
				CLANG_WARN_BLOCK_CAPTURE_AUTORELEASING = YES;
				CLANG_WARN_BOOL_CONVERSION = YES;
				CLANG_WARN_COMMA = YES;
				CLANG_WARN_CONSTANT_CONVERSION = YES;
				CLANG_WARN_DEPRECATED_OBJC_IMPLEMENTATIONS = YES;
				CLANG_WARN_DIRECT_OBJC_ISA_USAGE = YES_ERROR;
				CLANG_WARN_DOCUMENTATION_COMMENTS = YES;
				CLANG_WARN_EMPTY_BODY = YES;
				CLANG_WARN_ENUM_CONVERSION = YES;
				CLANG_WARN_INFINITE_RECURSION = YES;
				CLANG_WARN_INT_CONVERSION = YES;
				CLANG_WARN_NON_LITERAL_NULL_CONVERSION = YES;
				CLANG_WARN_OBJC_IMPLICIT_RETAIN_SELF = YES;
				CLANG_WARN_OBJC_LITERAL_CONVERSION = YES;
				CLANG_WARN_OBJC_ROOT_CLASS = YES_ERROR;
				CLANG_WARN_QUOTED_INCLUDE_IN_FRAMEWORK_HEADER = YES;
				CLANG_WARN_RANGE_LOOP_ANALYSIS = YES;
				CLANG_WARN_STRICT_PROTOTYPES = YES;
				CLANG_WARN_SUSPICIOUS_MOVE = YES;
				CLANG_WARN_UNGUARDED_AVAILABILITY = YES_AGGRESSIVE;
				CLANG_WARN_UNREACHABLE_CODE = YES;
				CLANG_WARN__DUPLICATE_METHOD_MATCH = YES;
				COPY_PHASE_STRIP = NO;
				DEBUG_INFORMATION_FORMAT = "dwarf-with-dsym";
				ENABLE_NS_ASSERTIONS = NO;
				ENABLE_STRICT_OBJC_MSGSEND = YES;
				ENABLE_USER_SCRIPT_SANDBOXING = YES;
				GCC_C_LANGUAGE_STANDARD = gnu17;
				GCC_NO_COMMON_BLOCKS = YES;
				GCC_WARN_64_TO_32_BIT_CONVERSION = YES;
				GCC_WARN_ABOUT_RETURN_TYPE = YES_ERROR;
				GCC_WARN_UNDECLARED_SELECTOR = YES;
				GCC_WARN_UNINITIALIZED_AUTOS = YES_AGGRESSIVE;
				GCC_WARN_UNUSED_FUNCTION = YES;
				GCC_WARN_UNUSED_VARIABLE = YES;
				IPHONEOS_DEPLOYMENT_TARGET = 18.2;
				LOCALIZATION_PREFERS_STRING_CATALOGS = YES;
				MTL_ENABLE_DEBUG_INFO = NO;
				MTL_FAST_MATH = YES;
				SDKROOT = iphoneos;
				SWIFT_COMPILATION_MODE = wholemodule;
				VALIDATE_PRODUCT = YES;
			};
			name = Release;
		};
		BC2AACE32D4615D300019BE7 /* Debug */ = {
			isa = XCBuildConfiguration;
			buildSettings = {
				ASSETCATALOG_COMPILER_APPICON_NAME = AppIcon;
				ASSETCATALOG_COMPILER_GLOBAL_ACCENT_COLOR_NAME = AccentColor;
				CODE_SIGN_STYLE = Automatic;
				CURRENT_PROJECT_VERSION = 1;
				DEVELOPMENT_ASSET_PATHS = "\"SwiftTestingSample/Preview Content\"";
				DEVELOPMENT_TEAM = 56LYVN6DMF;
				ENABLE_PREVIEWS = YES;
				GENERATE_INFOPLIST_FILE = YES;
				INFOPLIST_KEY_UIApplicationSceneManifest_Generation = YES;
				INFOPLIST_KEY_UIApplicationSupportsIndirectInputEvents = YES;
				INFOPLIST_KEY_UILaunchScreen_Generation = YES;
				INFOPLIST_KEY_UISupportedInterfaceOrientations_iPad = "UIInterfaceOrientationPortrait UIInterfaceOrientationPortraitUpsideDown UIInterfaceOrientationLandscapeLeft UIInterfaceOrientationLandscapeRight";
				INFOPLIST_KEY_UISupportedInterfaceOrientations_iPhone = "UIInterfaceOrientationPortrait UIInterfaceOrientationLandscapeLeft UIInterfaceOrientationLandscapeRight";
				LD_RUNPATH_SEARCH_PATHS = (
					"$(inherited)",
					"@executable_path/Frameworks",
				);
				MARKETING_VERSION = 1.0;
				PRODUCT_BUNDLE_IDENTIFIER = taichi.satou.SwiftTestingSample;
				PRODUCT_NAME = "$(TARGET_NAME)";
				SWIFT_EMIT_LOC_STRINGS = YES;
				SWIFT_VERSION = 5.0;
				TARGETED_DEVICE_FAMILY = "1,2";
			};
			name = Debug;
		};
		BC2AACE42D4615D300019BE7 /* Release */ = {
			isa = XCBuildConfiguration;
			buildSettings = {
				ASSETCATALOG_COMPILER_APPICON_NAME = AppIcon;
				ASSETCATALOG_COMPILER_GLOBAL_ACCENT_COLOR_NAME = AccentColor;
				CODE_SIGN_STYLE = Automatic;
				CURRENT_PROJECT_VERSION = 1;
				DEVELOPMENT_ASSET_PATHS = "\"SwiftTestingSample/Preview Content\"";
				DEVELOPMENT_TEAM = 56LYVN6DMF;
				ENABLE_PREVIEWS = YES;
				GENERATE_INFOPLIST_FILE = YES;
				INFOPLIST_KEY_UIApplicationSceneManifest_Generation = YES;
				INFOPLIST_KEY_UIApplicationSupportsIndirectInputEvents = YES;
				INFOPLIST_KEY_UILaunchScreen_Generation = YES;
				INFOPLIST_KEY_UISupportedInterfaceOrientations_iPad = "UIInterfaceOrientationPortrait UIInterfaceOrientationPortraitUpsideDown UIInterfaceOrientationLandscapeLeft UIInterfaceOrientationLandscapeRight";
				INFOPLIST_KEY_UISupportedInterfaceOrientations_iPhone = "UIInterfaceOrientationPortrait UIInterfaceOrientationLandscapeLeft UIInterfaceOrientationLandscapeRight";
				LD_RUNPATH_SEARCH_PATHS = (
					"$(inherited)",
					"@executable_path/Frameworks",
				);
				MARKETING_VERSION = 1.0;
				PRODUCT_BUNDLE_IDENTIFIER = taichi.satou.SwiftTestingSample;
				PRODUCT_NAME = "$(TARGET_NAME)";
				SWIFT_EMIT_LOC_STRINGS = YES;
				SWIFT_VERSION = 5.0;
				TARGETED_DEVICE_FAMILY = "1,2";
			};
			name = Release;
		};
		BC2AACE62D4615D300019BE7 /* Debug */ = {
			isa = XCBuildConfiguration;
			buildSettings = {
				BUNDLE_LOADER = "$(TEST_HOST)";
				CODE_SIGN_STYLE = Automatic;
				CURRENT_PROJECT_VERSION = 1;
				DEVELOPMENT_TEAM = 56LYVN6DMF;
				GENERATE_INFOPLIST_FILE = YES;
				IPHONEOS_DEPLOYMENT_TARGET = 18.2;
				MARKETING_VERSION = 1.0;
				PRODUCT_BUNDLE_IDENTIFIER = taichi.satou.SwiftTestingSampleTests;
				PRODUCT_NAME = "$(TARGET_NAME)";
				SWIFT_EMIT_LOC_STRINGS = NO;
				SWIFT_VERSION = 5.0;
				TARGETED_DEVICE_FAMILY = "1,2";
				TEST_HOST = "$(BUILT_PRODUCTS_DIR)/SwiftTestingSample.app/$(BUNDLE_EXECUTABLE_FOLDER_PATH)/SwiftTestingSample";
			};
			name = Debug;
		};
		BC2AACE72D4615D300019BE7 /* Release */ = {
			isa = XCBuildConfiguration;
			buildSettings = {
				BUNDLE_LOADER = "$(TEST_HOST)";
				CODE_SIGN_STYLE = Automatic;
				CURRENT_PROJECT_VERSION = 1;
				DEVELOPMENT_TEAM = 56LYVN6DMF;
				GENERATE_INFOPLIST_FILE = YES;
				IPHONEOS_DEPLOYMENT_TARGET = 18.2;
				MARKETING_VERSION = 1.0;
				PRODUCT_BUNDLE_IDENTIFIER = taichi.satou.SwiftTestingSampleTests;
				PRODUCT_NAME = "$(TARGET_NAME)";
				SWIFT_EMIT_LOC_STRINGS = NO;
				SWIFT_VERSION = 5.0;
				TARGETED_DEVICE_FAMILY = "1,2";
				TEST_HOST = "$(BUILT_PRODUCTS_DIR)/SwiftTestingSample.app/$(BUNDLE_EXECUTABLE_FOLDER_PATH)/SwiftTestingSample";
			};
			name = Release;
		};
		BC2AACE92D4615D300019BE7 /* Debug */ = {
			isa = XCBuildConfiguration;
			buildSettings = {
				CODE_SIGN_STYLE = Automatic;
				CURRENT_PROJECT_VERSION = 1;
				DEVELOPMENT_TEAM = 56LYVN6DMF;
				GENERATE_INFOPLIST_FILE = YES;
				MARKETING_VERSION = 1.0;
				PRODUCT_BUNDLE_IDENTIFIER = taichi.satou.SwiftTestingSampleUITests;
				PRODUCT_NAME = "$(TARGET_NAME)";
				SWIFT_EMIT_LOC_STRINGS = NO;
				SWIFT_VERSION = 5.0;
				TARGETED_DEVICE_FAMILY = "1,2";
				TEST_TARGET_NAME = SwiftTestingSample;
			};
			name = Debug;
		};
		BC2AACEA2D4615D300019BE7 /* Release */ = {
			isa = XCBuildConfiguration;
			buildSettings = {
				CODE_SIGN_STYLE = Automatic;
				CURRENT_PROJECT_VERSION = 1;
				DEVELOPMENT_TEAM = 56LYVN6DMF;
				GENERATE_INFOPLIST_FILE = YES;
				MARKETING_VERSION = 1.0;
				PRODUCT_BUNDLE_IDENTIFIER = taichi.satou.SwiftTestingSampleUITests;
				PRODUCT_NAME = "$(TARGET_NAME)";
				SWIFT_EMIT_LOC_STRINGS = NO;
				SWIFT_VERSION = 5.0;
				TARGETED_DEVICE_FAMILY = "1,2";
				TEST_TARGET_NAME = SwiftTestingSample;
			};
			name = Release;
		};
/* End XCBuildConfiguration section */

/* Begin XCConfigurationList section */
		BC2AACB92D4615CF00019BE7 /* Build configuration list for PBXProject "SwiftTestingSample" */ = {
			isa = XCConfigurationList;
			buildConfigurations = (
				BC2AACE02D4615D300019BE7 /* Debug */,
				BC2AACE12D4615D300019BE7 /* Release */,
			);
			defaultConfigurationIsVisible = 0;
			defaultConfigurationName = Release;
		};
		BC2AACE22D4615D300019BE7 /* Build configuration list for PBXNativeTarget "SwiftTestingSample" */ = {
			isa = XCConfigurationList;
			buildConfigurations = (
				BC2AACE32D4615D300019BE7 /* Debug */,
				BC2AACE42D4615D300019BE7 /* Release */,
			);
			defaultConfigurationIsVisible = 0;
			defaultConfigurationName = Release;
		};
		BC2AACE52D4615D300019BE7 /* Build configuration list for PBXNativeTarget "SwiftTestingSampleTests" */ = {
			isa = XCConfigurationList;
			buildConfigurations = (
				BC2AACE62D4615D300019BE7 /* Debug */,
				BC2AACE72D4615D300019BE7 /* Release */,
			);
			defaultConfigurationIsVisible = 0;
			defaultConfigurationName = Release;
		};
		BC2AACE82D4615D300019BE7 /* Build configuration list for PBXNativeTarget "SwiftTestingSampleUITests" */ = {
			isa = XCConfigurationList;
			buildConfigurations = (
				BC2AACE92D4615D300019BE7 /* Debug */,
				BC2AACEA2D4615D300019BE7 /* Release */,
			);
			defaultConfigurationIsVisible = 0;
			defaultConfigurationName = Release;
		};
/* End XCConfigurationList section */
	};
	rootObject = BC2AACB62D4615CF00019BE7 /* Project object */;
}
